
Microsoft Visual Studio Solution File, Format Version 12.00
# Visual Studio 2013
VisualStudioVersion = 12.0.21005.1
MinimumVisualStudioVersion = 10.0.40219.1
Project("{D2ABAB84-BF74-430A-B69E-9DC6D40DDA17}") = "Tutorial Analysis Services", "Prueba\Tutorial Analysis Services.dwproj", "{D239A10D-482F-43C0-86AB-8327A5D69C9E}"
EndProject
Global
	GlobalSection(SolutionConfigurationPlatforms) = preSolution
		Development|Default = Development|Default
	EndGlobalSection
	GlobalSection(ProjectConfigurationPlatforms) = postSolution
		{D239A10D-482F-43C0-86AB-8327A5D69C9E}.Development|Default.ActiveCfg = Development
		{D239A10D-482F-43C0-86AB-8327A5D69C9E}.Development|Default.Build.0 = Development
		{D239A10D-482F-43C0-86AB-8327A5D69C9E}.Development|Default.Deploy.0 = Development
	EndGlobalSection
	GlobalSection(SolutionProperties) = preSolution
		HideSolutionNode = FALSE
	EndGlobalSection
EndGlobal
